// !$*UTF8*$!
{
	archiveVersion = 1;
	classes = {
	};
	objectVersion = 55;
	objects = {

/* Begin PBXBuildFile section */
		111BED632834B85400B7FFF2 /* SavedMoviesViewModel.swift in Sources */ = {isa = PBXBuildFile; fileRef = 111BED622834B85300B7FFF2 /* SavedMoviesViewModel.swift */; };
		111BED712834D4F300B7FFF2 /* Created_by.swift in Sources */ = {isa = PBXBuildFile; fileRef = 111BED672834D4F000B7FFF2 /* Created_by.swift */; };
		111BED722834D4F300B7FFF2 /* Last_episode_to_air.swift in Sources */ = {isa = PBXBuildFile; fileRef = 111BED682834D4F000B7FFF2 /* Last_episode_to_air.swift */; };
		111BED732834D4F300B7FFF2 /* TVShowDetails.swift in Sources */ = {isa = PBXBuildFile; fileRef = 111BED692834D4F100B7FFF2 /* TVShowDetails.swift */; };
		111BED742834D4F300B7FFF2 /* Networks.swift in Sources */ = {isa = PBXBuildFile; fileRef = 111BED6A2834D4F100B7FFF2 /* Networks.swift */; };
		111BED752834D4F300B7FFF2 /* Production_companies.swift in Sources */ = {isa = PBXBuildFile; fileRef = 111BED6B2834D4F100B7FFF2 /* Production_companies.swift */; };
		111BED762834D4F300B7FFF2 /* Seasons.swift in Sources */ = {isa = PBXBuildFile; fileRef = 111BED6C2834D4F200B7FFF2 /* Seasons.swift */; };
		111BED772834D4F300B7FFF2 /* Production_countries.swift in Sources */ = {isa = PBXBuildFile; fileRef = 111BED6D2834D4F200B7FFF2 /* Production_countries.swift */; };
		111BED782834D4F300B7FFF2 /* Spoken_languages.swift in Sources */ = {isa = PBXBuildFile; fileRef = 111BED6E2834D4F200B7FFF2 /* Spoken_languages.swift */; };
		111BED792834D4F300B7FFF2 /* Next_episode_to_air.swift in Sources */ = {isa = PBXBuildFile; fileRef = 111BED6F2834D4F200B7FFF2 /* Next_episode_to_air.swift */; };
		111BED7A2834D4F300B7FFF2 /* Genres.swift in Sources */ = {isa = PBXBuildFile; fileRef = 111BED702834D4F300B7FFF2 /* Genres.swift */; };
		111BED7C2834DB5B00B7FFF2 /* PeopleDetails.swift in Sources */ = {isa = PBXBuildFile; fileRef = 111BED7B2834DB5B00B7FFF2 /* PeopleDetails.swift */; };
		111BED7E2834E54600B7FFF2 /* TVShowDetailsViewController.swift in Sources */ = {isa = PBXBuildFile; fileRef = 111BED7D2834E54600B7FFF2 /* TVShowDetailsViewController.swift */; };
		111BED802834E58100B7FFF2 /* TVShowDetailsViewModel.swift in Sources */ = {isa = PBXBuildFile; fileRef = 111BED7F2834E58100B7FFF2 /* TVShowDetailsViewModel.swift */; };
		111BED822834E61700B7FFF2 /* PeopleDetailsViewController.swift in Sources */ = {isa = PBXBuildFile; fileRef = 111BED812834E61700B7FFF2 /* PeopleDetailsViewController.swift */; };
		111BED842834E63000B7FFF2 /* PeopleDetailsViewModel.swift in Sources */ = {isa = PBXBuildFile; fileRef = 111BED832834E63000B7FFF2 /* PeopleDetailsViewModel.swift */; };
		111BED8B2836539000B7FFF2 /* Video.swift in Sources */ = {isa = PBXBuildFile; fileRef = 111BED892836538F00B7FFF2 /* Video.swift */; };
		111BED8C2836539000B7FFF2 /* VideoResponse.swift in Sources */ = {isa = PBXBuildFile; fileRef = 111BED8A2836539000B7FFF2 /* VideoResponse.swift */; };
		112EC1D928201D1C005C15C9 /* SearchedMoviesCell.swift in Sources */ = {isa = PBXBuildFile; fileRef = 112EC1D728201D1C005C15C9 /* SearchedMoviesCell.swift */; };
		112EC1DA28201D1C005C15C9 /* SearchedMoviesCell.xib in Resources */ = {isa = PBXBuildFile; fileRef = 112EC1D828201D1C005C15C9 /* SearchedMoviesCell.xib */; };
		112EC1DD28203A6A005C15C9 /* NetManager.swift in Sources */ = {isa = PBXBuildFile; fileRef = 112EC1DC28203A6A005C15C9 /* NetManager.swift */; };
		112EC1E22820407C005C15C9 /* Dates.swift in Sources */ = {isa = PBXBuildFile; fileRef = 112EC1DF2820407B005C15C9 /* Dates.swift */; };
		112EC1E32820407C005C15C9 /* NowPlayingResponce.swift in Sources */ = {isa = PBXBuildFile; fileRef = 112EC1E02820407C005C15C9 /* NowPlayingResponce.swift */; };
		113C688B281FB92600A9E1A3 /* AppDelegate.swift in Sources */ = {isa = PBXBuildFile; fileRef = 113C688A281FB92600A9E1A3 /* AppDelegate.swift */; };
		113C688D281FB92600A9E1A3 /* SceneDelegate.swift in Sources */ = {isa = PBXBuildFile; fileRef = 113C688C281FB92600A9E1A3 /* SceneDelegate.swift */; };
		113C688F281FB92600A9E1A3 /* ViewController.swift in Sources */ = {isa = PBXBuildFile; fileRef = 113C688E281FB92600A9E1A3 /* ViewController.swift */; };
		113C6892281FB92600A9E1A3 /* Main.storyboard in Resources */ = {isa = PBXBuildFile; fileRef = 113C6890281FB92600A9E1A3 /* Main.storyboard */; };
		113C6894281FB92A00A9E1A3 /* Assets.xcassets in Resources */ = {isa = PBXBuildFile; fileRef = 113C6893281FB92A00A9E1A3 /* Assets.xcassets */; };
		113C6897281FB92A00A9E1A3 /* LaunchScreen.storyboard in Resources */ = {isa = PBXBuildFile; fileRef = 113C6895281FB92A00A9E1A3 /* LaunchScreen.storyboard */; };
		113C68A328201AEB00A9E1A3 /* SearchViewController.swift in Sources */ = {isa = PBXBuildFile; fileRef = 113C68A228201AEB00A9E1A3 /* SearchViewController.swift */; };
		115BE125283187F0000A5E8B /* MovieDetailsViewModel.swift in Sources */ = {isa = PBXBuildFile; fileRef = 115BE124283187F0000A5E8B /* MovieDetailsViewModel.swift */; };
		115BE1292833B373000A5E8B /* MoviesResponse.swift in Sources */ = {isa = PBXBuildFile; fileRef = 115BE1272833B372000A5E8B /* MoviesResponse.swift */; };
		115BE12A2833B373000A5E8B /* Movie.swift in Sources */ = {isa = PBXBuildFile; fileRef = 115BE1282833B373000A5E8B /* Movie.swift */; };
		115BE12D2833BAB5000A5E8B /* TVShowResponce.swift in Sources */ = {isa = PBXBuildFile; fileRef = 115BE12B2833BAB4000A5E8B /* TVShowResponce.swift */; };
		115BE12E2833BAB5000A5E8B /* TVShow.swift in Sources */ = {isa = PBXBuildFile; fileRef = 115BE12C2833BAB5000A5E8B /* TVShow.swift */; };
		115BE1322833BBC0000A5E8B /* People.swift in Sources */ = {isa = PBXBuildFile; fileRef = 115BE12F2833BBBF000A5E8B /* People.swift */; };
		115BE1332833BBC0000A5E8B /* KnownFor.swift in Sources */ = {isa = PBXBuildFile; fileRef = 115BE1302833BBBF000A5E8B /* KnownFor.swift */; };
		115BE1342833BBC0000A5E8B /* PeopleResponce.swift in Sources */ = {isa = PBXBuildFile; fileRef = 115BE1312833BBC0000A5E8B /* PeopleResponce.swift */; };
		115D0CFA2830F29800F079F1 /* SearchViewModel.swift in Sources */ = {isa = PBXBuildFile; fileRef = 115D0CF92830F29800F079F1 /* SearchViewModel.swift */; };
		11A1CB5B282E2522002B234F /* Сonstants.swift in Sources */ = {isa = PBXBuildFile; fileRef = 11A1CB5A282E2522002B234F /* Сonstants.swift */; };
		11B5DBD9282072AD003BC85B /* SavedMoviesViewController.swift in Sources */ = {isa = PBXBuildFile; fileRef = 11B5DBD8282072AD003BC85B /* SavedMoviesViewController.swift */; };
		11B5DBDD2820F718003BC85B /* MovieDetailsViewController.swift in Sources */ = {isa = PBXBuildFile; fileRef = 11B5DBDB2820F718003BC85B /* MovieDetailsViewController.swift */; };
		11B5DBE128210298003BC85B /* SavedItemsRealm.swift in Sources */ = {isa = PBXBuildFile; fileRef = 11B5DBE028210298003BC85B /* SavedItemsRealm.swift */; };
		11B5DBE42821090D003BC85B /* DataManager.swift in Sources */ = {isa = PBXBuildFile; fileRef = 11B5DBE32821090D003BC85B /* DataManager.swift */; };
		11B5DBE728210AF9003BC85B /* SavedMoviesTableViewCell.swift in Sources */ = {isa = PBXBuildFile; fileRef = 11B5DBE528210AF9003BC85B /* SavedMoviesTableViewCell.swift */; };
		11B5DBE828210AF9003BC85B /* SavedMoviesTableViewCell.xib in Resources */ = {isa = PBXBuildFile; fileRef = 11B5DBE628210AF9003BC85B /* SavedMoviesTableViewCell.xib */; };
		11E3656A2827FB2B0070F526 /* MovieDetails.swift in Sources */ = {isa = PBXBuildFile; fileRef = 11E365652827FB2A0070F526 /* MovieDetails.swift */; };
		11E3656D28280F130070F526 /* Belongs_to_collection.swift in Sources */ = {isa = PBXBuildFile; fileRef = 11E3656C28280F130070F526 /* Belongs_to_collection.swift */; };
		11E365702828495B0070F526 /* MainScreenViewController.swift in Sources */ = {isa = PBXBuildFile; fileRef = 11E3656F2828495B0070F526 /* MainScreenViewController.swift */; };
		11E3657328284AD30070F526 /* LastFilmsViewCell.swift in Sources */ = {isa = PBXBuildFile; fileRef = 11E3657128284AD30070F526 /* LastFilmsViewCell.swift */; };
		11E3657428284AD30070F526 /* LastFilmsViewCell.xib in Resources */ = {isa = PBXBuildFile; fileRef = 11E3657228284AD30070F526 /* LastFilmsViewCell.xib */; };
		11E36577282932090070F526 /* AdditionalMoviesCell.swift in Sources */ = {isa = PBXBuildFile; fileRef = 11E36575282932090070F526 /* AdditionalMoviesCell.swift */; };
		11E36578282932090070F526 /* AdditionalMoviesCell.xib in Resources */ = {isa = PBXBuildFile; fileRef = 11E36576282932090070F526 /* AdditionalMoviesCell.xib */; };
		11E3657A282971900070F526 /* TopRatedMoviesResponce.swift in Sources */ = {isa = PBXBuildFile; fileRef = 11E365792829718F0070F526 /* TopRatedMoviesResponce.swift */; };
		11F3865E28396FB6003E3044 /* MainScreenViewModel.swift in Sources */ = {isa = PBXBuildFile; fileRef = 11F3865D28396FB6003E3044 /* MainScreenViewModel.swift */; };
		11F38661283A26A2003E3044 /* CustomLayout.swift in Sources */ = {isa = PBXBuildFile; fileRef = 11F38660283A26A2003E3044 /* CustomLayout.swift */; };
		A2E1781CB46C6949B311F6E1 /* Pods_MyMovieList.framework in Frameworks */ = {isa = PBXBuildFile; fileRef = 2C78953462F746C1B38BDF5F /* Pods_MyMovieList.framework */; };
/* End PBXBuildFile section */

/* Begin PBXFileReference section */
		111BED622834B85300B7FFF2 /* SavedMoviesViewModel.swift */ = {isa = PBXFileReference; lastKnownFileType = sourcecode.swift; path = SavedMoviesViewModel.swift; sourceTree = "<group>"; };
		111BED672834D4F000B7FFF2 /* Created_by.swift */ = {isa = PBXFileReference; fileEncoding = 4; lastKnownFileType = sourcecode.swift; path = Created_by.swift; sourceTree = "<group>"; };
		111BED682834D4F000B7FFF2 /* Last_episode_to_air.swift */ = {isa = PBXFileReference; fileEncoding = 4; lastKnownFileType = sourcecode.swift; path = Last_episode_to_air.swift; sourceTree = "<group>"; };
		111BED692834D4F100B7FFF2 /* TVShowDetails.swift */ = {isa = PBXFileReference; fileEncoding = 4; lastKnownFileType = sourcecode.swift; path = TVShowDetails.swift; sourceTree = "<group>"; };
		111BED6A2834D4F100B7FFF2 /* Networks.swift */ = {isa = PBXFileReference; fileEncoding = 4; lastKnownFileType = sourcecode.swift; path = Networks.swift; sourceTree = "<group>"; };
		111BED6B2834D4F100B7FFF2 /* Production_companies.swift */ = {isa = PBXFileReference; fileEncoding = 4; lastKnownFileType = sourcecode.swift; path = Production_companies.swift; sourceTree = "<group>"; };
		111BED6C2834D4F200B7FFF2 /* Seasons.swift */ = {isa = PBXFileReference; fileEncoding = 4; lastKnownFileType = sourcecode.swift; path = Seasons.swift; sourceTree = "<group>"; };
		111BED6D2834D4F200B7FFF2 /* Production_countries.swift */ = {isa = PBXFileReference; fileEncoding = 4; lastKnownFileType = sourcecode.swift; path = Production_countries.swift; sourceTree = "<group>"; };
		111BED6E2834D4F200B7FFF2 /* Spoken_languages.swift */ = {isa = PBXFileReference; fileEncoding = 4; lastKnownFileType = sourcecode.swift; path = Spoken_languages.swift; sourceTree = "<group>"; };
		111BED6F2834D4F200B7FFF2 /* Next_episode_to_air.swift */ = {isa = PBXFileReference; fileEncoding = 4; lastKnownFileType = sourcecode.swift; path = Next_episode_to_air.swift; sourceTree = "<group>"; };
		111BED702834D4F300B7FFF2 /* Genres.swift */ = {isa = PBXFileReference; fileEncoding = 4; lastKnownFileType = sourcecode.swift; path = Genres.swift; sourceTree = "<group>"; };
		111BED7B2834DB5B00B7FFF2 /* PeopleDetails.swift */ = {isa = PBXFileReference; fileEncoding = 4; lastKnownFileType = sourcecode.swift; path = PeopleDetails.swift; sourceTree = "<group>"; };
		111BED7D2834E54600B7FFF2 /* TVShowDetailsViewController.swift */ = {isa = PBXFileReference; lastKnownFileType = sourcecode.swift; path = TVShowDetailsViewController.swift; sourceTree = "<group>"; };
		111BED7F2834E58100B7FFF2 /* TVShowDetailsViewModel.swift */ = {isa = PBXFileReference; lastKnownFileType = sourcecode.swift; path = TVShowDetailsViewModel.swift; sourceTree = "<group>"; };
		111BED812834E61700B7FFF2 /* PeopleDetailsViewController.swift */ = {isa = PBXFileReference; lastKnownFileType = sourcecode.swift; path = PeopleDetailsViewController.swift; sourceTree = "<group>"; };
		111BED832834E63000B7FFF2 /* PeopleDetailsViewModel.swift */ = {isa = PBXFileReference; lastKnownFileType = sourcecode.swift; path = PeopleDetailsViewModel.swift; sourceTree = "<group>"; };
		111BED892836538F00B7FFF2 /* Video.swift */ = {isa = PBXFileReference; fileEncoding = 4; lastKnownFileType = sourcecode.swift; path = Video.swift; sourceTree = "<group>"; };
		111BED8A2836539000B7FFF2 /* VideoResponse.swift */ = {isa = PBXFileReference; fileEncoding = 4; lastKnownFileType = sourcecode.swift; path = VideoResponse.swift; sourceTree = "<group>"; };
		112EC1D728201D1C005C15C9 /* SearchedMoviesCell.swift */ = {isa = PBXFileReference; lastKnownFileType = sourcecode.swift; path = SearchedMoviesCell.swift; sourceTree = "<group>"; };
		112EC1D828201D1C005C15C9 /* SearchedMoviesCell.xib */ = {isa = PBXFileReference; lastKnownFileType = file.xib; path = SearchedMoviesCell.xib; sourceTree = "<group>"; };
		112EC1DC28203A6A005C15C9 /* NetManager.swift */ = {isa = PBXFileReference; lastKnownFileType = sourcecode.swift; path = NetManager.swift; sourceTree = "<group>"; };
		112EC1DF2820407B005C15C9 /* Dates.swift */ = {isa = PBXFileReference; fileEncoding = 4; lastKnownFileType = sourcecode.swift; path = Dates.swift; sourceTree = "<group>"; };
		112EC1E02820407C005C15C9 /* NowPlayingResponce.swift */ = {isa = PBXFileReference; fileEncoding = 4; lastKnownFileType = sourcecode.swift; path = NowPlayingResponce.swift; sourceTree = "<group>"; };
		113C6887281FB92600A9E1A3 /* MyMovieList.app */ = {isa = PBXFileReference; explicitFileType = wrapper.application; includeInIndex = 0; path = MyMovieList.app; sourceTree = BUILT_PRODUCTS_DIR; };
		113C688A281FB92600A9E1A3 /* AppDelegate.swift */ = {isa = PBXFileReference; lastKnownFileType = sourcecode.swift; path = AppDelegate.swift; sourceTree = "<group>"; };
		113C688C281FB92600A9E1A3 /* SceneDelegate.swift */ = {isa = PBXFileReference; lastKnownFileType = sourcecode.swift; path = SceneDelegate.swift; sourceTree = "<group>"; };
		113C688E281FB92600A9E1A3 /* ViewController.swift */ = {isa = PBXFileReference; lastKnownFileType = sourcecode.swift; path = ViewController.swift; sourceTree = "<group>"; };
		113C6891281FB92600A9E1A3 /* Base */ = {isa = PBXFileReference; lastKnownFileType = file.storyboard; name = Base; path = Base.lproj/Main.storyboard; sourceTree = "<group>"; };
		113C6893281FB92A00A9E1A3 /* Assets.xcassets */ = {isa = PBXFileReference; lastKnownFileType = folder.assetcatalog; path = Assets.xcassets; sourceTree = "<group>"; };
		113C6896281FB92A00A9E1A3 /* Base */ = {isa = PBXFileReference; lastKnownFileType = file.storyboard; name = Base; path = Base.lproj/LaunchScreen.storyboard; sourceTree = "<group>"; };
		113C6898281FB92A00A9E1A3 /* Info.plist */ = {isa = PBXFileReference; lastKnownFileType = text.plist.xml; path = Info.plist; sourceTree = "<group>"; };
		113C68A0281FBD5600A9E1A3 /* Podfile */ = {isa = PBXFileReference; fileEncoding = 4; lastKnownFileType = text; name = Podfile; path = /Users/oleksandr/Desktop/XCode/MyMovieList/Podfile; sourceTree = "<absolute>"; xcLanguageSpecificationIdentifier = xcode.lang.ruby; };
		113C68A228201AEB00A9E1A3 /* SearchViewController.swift */ = {isa = PBXFileReference; lastKnownFileType = sourcecode.swift; path = SearchViewController.swift; sourceTree = "<group>"; };
		115BE124283187F0000A5E8B /* MovieDetailsViewModel.swift */ = {isa = PBXFileReference; lastKnownFileType = sourcecode.swift; path = MovieDetailsViewModel.swift; sourceTree = "<group>"; };
		115BE1272833B372000A5E8B /* MoviesResponse.swift */ = {isa = PBXFileReference; fileEncoding = 4; lastKnownFileType = sourcecode.swift; path = MoviesResponse.swift; sourceTree = "<group>"; };
		115BE1282833B373000A5E8B /* Movie.swift */ = {isa = PBXFileReference; fileEncoding = 4; lastKnownFileType = sourcecode.swift; path = Movie.swift; sourceTree = "<group>"; };
		115BE12B2833BAB4000A5E8B /* TVShowResponce.swift */ = {isa = PBXFileReference; fileEncoding = 4; lastKnownFileType = sourcecode.swift; path = TVShowResponce.swift; sourceTree = "<group>"; };
		115BE12C2833BAB5000A5E8B /* TVShow.swift */ = {isa = PBXFileReference; fileEncoding = 4; lastKnownFileType = sourcecode.swift; path = TVShow.swift; sourceTree = "<group>"; };
		115BE12F2833BBBF000A5E8B /* People.swift */ = {isa = PBXFileReference; fileEncoding = 4; lastKnownFileType = sourcecode.swift; path = People.swift; sourceTree = "<group>"; };
		115BE1302833BBBF000A5E8B /* KnownFor.swift */ = {isa = PBXFileReference; fileEncoding = 4; lastKnownFileType = sourcecode.swift; path = KnownFor.swift; sourceTree = "<group>"; };
		115BE1312833BBC0000A5E8B /* PeopleResponce.swift */ = {isa = PBXFileReference; fileEncoding = 4; lastKnownFileType = sourcecode.swift; path = PeopleResponce.swift; sourceTree = "<group>"; };
		115D0CF92830F29800F079F1 /* SearchViewModel.swift */ = {isa = PBXFileReference; lastKnownFileType = sourcecode.swift; path = SearchViewModel.swift; sourceTree = "<group>"; };
		11A1CB5A282E2522002B234F /* Сonstants.swift */ = {isa = PBXFileReference; lastKnownFileType = sourcecode.swift; path = "Сonstants.swift"; sourceTree = "<group>"; };
		11B5DBD8282072AD003BC85B /* SavedMoviesViewController.swift */ = {isa = PBXFileReference; lastKnownFileType = sourcecode.swift; path = SavedMoviesViewController.swift; sourceTree = "<group>"; };
		11B5DBDB2820F718003BC85B /* MovieDetailsViewController.swift */ = {isa = PBXFileReference; lastKnownFileType = sourcecode.swift; path = MovieDetailsViewController.swift; sourceTree = "<group>"; };
		11B5DBE028210298003BC85B /* SavedItemsRealm.swift */ = {isa = PBXFileReference; lastKnownFileType = sourcecode.swift; path = SavedItemsRealm.swift; sourceTree = "<group>"; };
		11B5DBE32821090D003BC85B /* DataManager.swift */ = {isa = PBXFileReference; lastKnownFileType = sourcecode.swift; path = DataManager.swift; sourceTree = "<group>"; };
		11B5DBE528210AF9003BC85B /* SavedMoviesTableViewCell.swift */ = {isa = PBXFileReference; lastKnownFileType = sourcecode.swift; path = SavedMoviesTableViewCell.swift; sourceTree = "<group>"; };
		11B5DBE628210AF9003BC85B /* SavedMoviesTableViewCell.xib */ = {isa = PBXFileReference; lastKnownFileType = file.xib; path = SavedMoviesTableViewCell.xib; sourceTree = "<group>"; };
		11E365652827FB2A0070F526 /* MovieDetails.swift */ = {isa = PBXFileReference; fileEncoding = 4; lastKnownFileType = sourcecode.swift; path = MovieDetails.swift; sourceTree = "<group>"; };
		11E3656C28280F130070F526 /* Belongs_to_collection.swift */ = {isa = PBXFileReference; fileEncoding = 4; lastKnownFileType = sourcecode.swift; path = Belongs_to_collection.swift; sourceTree = "<group>"; };
		11E3656F2828495B0070F526 /* MainScreenViewController.swift */ = {isa = PBXFileReference; lastKnownFileType = sourcecode.swift; path = MainScreenViewController.swift; sourceTree = "<group>"; };
		11E3657128284AD30070F526 /* LastFilmsViewCell.swift */ = {isa = PBXFileReference; lastKnownFileType = sourcecode.swift; path = LastFilmsViewCell.swift; sourceTree = "<group>"; };
		11E3657228284AD30070F526 /* LastFilmsViewCell.xib */ = {isa = PBXFileReference; lastKnownFileType = file.xib; path = LastFilmsViewCell.xib; sourceTree = "<group>"; };
		11E36575282932090070F526 /* AdditionalMoviesCell.swift */ = {isa = PBXFileReference; lastKnownFileType = sourcecode.swift; path = AdditionalMoviesCell.swift; sourceTree = "<group>"; };
		11E36576282932090070F526 /* AdditionalMoviesCell.xib */ = {isa = PBXFileReference; lastKnownFileType = file.xib; path = AdditionalMoviesCell.xib; sourceTree = "<group>"; };
		11E365792829718F0070F526 /* TopRatedMoviesResponce.swift */ = {isa = PBXFileReference; fileEncoding = 4; lastKnownFileType = sourcecode.swift; path = TopRatedMoviesResponce.swift; sourceTree = "<group>"; };
		11F3865D28396FB6003E3044 /* MainScreenViewModel.swift */ = {isa = PBXFileReference; lastKnownFileType = sourcecode.swift; path = MainScreenViewModel.swift; sourceTree = "<group>"; };
		11F38660283A26A2003E3044 /* CustomLayout.swift */ = {isa = PBXFileReference; lastKnownFileType = sourcecode.swift; path = CustomLayout.swift; sourceTree = "<group>"; };
		2C78953462F746C1B38BDF5F /* Pods_MyMovieList.framework */ = {isa = PBXFileReference; explicitFileType = wrapper.framework; includeInIndex = 0; path = Pods_MyMovieList.framework; sourceTree = BUILT_PRODUCTS_DIR; };
		55391433071FF7D4941242FF /* Pods-MyMovieList.debug.xcconfig */ = {isa = PBXFileReference; includeInIndex = 1; lastKnownFileType = text.xcconfig; name = "Pods-MyMovieList.debug.xcconfig"; path = "Target Support Files/Pods-MyMovieList/Pods-MyMovieList.debug.xcconfig"; sourceTree = "<group>"; };
		FDCC8446BDF5DD562B46A142 /* Pods-MyMovieList.release.xcconfig */ = {isa = PBXFileReference; includeInIndex = 1; lastKnownFileType = text.xcconfig; name = "Pods-MyMovieList.release.xcconfig"; path = "Target Support Files/Pods-MyMovieList/Pods-MyMovieList.release.xcconfig"; sourceTree = "<group>"; };
/* End PBXFileReference section */

/* Begin PBXFrameworksBuildPhase section */
		113C6884281FB92600A9E1A3 /* Frameworks */ = {
			isa = PBXFrameworksBuildPhase;
			buildActionMask = 2147483647;
			files = (
				A2E1781CB46C6949B311F6E1 /* Pods_MyMovieList.framework in Frameworks */,
			);
			runOnlyForDeploymentPostprocessing = 0;
		};
/* End PBXFrameworksBuildPhase section */

/* Begin PBXGroup section */
		111BED642834B88500B7FFF2 /* Cell */ = {
			isa = PBXGroup;
			children = (
				11B5DBE528210AF9003BC85B /* SavedMoviesTableViewCell.swift */,
				11B5DBE628210AF9003BC85B /* SavedMoviesTableViewCell.xib */,
			);
			path = Cell;
			sourceTree = "<group>";
		};
		111BED662834D26A00B7FFF2 /* Models */ = {
			isa = PBXGroup;
			children = (
				111BED8A2836539000B7FFF2 /* VideoResponse.swift */,
				111BED892836538F00B7FFF2 /* Video.swift */,
				111BED7B2834DB5B00B7FFF2 /* PeopleDetails.swift */,
				111BED672834D4F000B7FFF2 /* Created_by.swift */,
				111BED702834D4F300B7FFF2 /* Genres.swift */,
				111BED682834D4F000B7FFF2 /* Last_episode_to_air.swift */,
				111BED6A2834D4F100B7FFF2 /* Networks.swift */,
				111BED6F2834D4F200B7FFF2 /* Next_episode_to_air.swift */,
				111BED6B2834D4F100B7FFF2 /* Production_companies.swift */,
				111BED6D2834D4F200B7FFF2 /* Production_countries.swift */,
				111BED6C2834D4F200B7FFF2 /* Seasons.swift */,
				111BED6E2834D4F200B7FFF2 /* Spoken_languages.swift */,
				111BED692834D4F100B7FFF2 /* TVShowDetails.swift */,
				11E365652827FB2A0070F526 /* MovieDetails.swift */,
			);
			path = Models;
			sourceTree = "<group>";
		};
		112EC1DB28203A30005C15C9 /* Net Manager */ = {
			isa = PBXGroup;
			children = (
				11E365612827FB020070F526 /* Models */,
				112EC1DC28203A6A005C15C9 /* NetManager.swift */,
			);
			path = "Net Manager";
			sourceTree = "<group>";
		};
		113C687E281FB92600A9E1A3 = {
			isa = PBXGroup;
			children = (
				113C68A0281FBD5600A9E1A3 /* Podfile */,
				113C6889281FB92600A9E1A3 /* MyMovieList */,
				113C6888281FB92600A9E1A3 /* Products */,
				BFF5E07354502F89803959F9 /* Pods */,
				70D1EAB14BBFEC603B7AB3B1 /* Frameworks */,
			);
			sourceTree = "<group>";
		};
		113C6888281FB92600A9E1A3 /* Products */ = {
			isa = PBXGroup;
			children = (
				113C6887281FB92600A9E1A3 /* MyMovieList.app */,
			);
			name = Products;
			sourceTree = "<group>";
		};
		113C6889281FB92600A9E1A3 /* MyMovieList */ = {
			isa = PBXGroup;
			children = (
				11A1CB5A282E2522002B234F /* Сonstants.swift */,
				11B5DBE2282108E5003BC85B /* Data Manager */,
				112EC1DB28203A30005C15C9 /* Net Manager */,
				113C68A1282019A900A9E1A3 /* SerchScreen */,
				11B5DBD728207286003BC85B /* SavedListScreen */,
				11B5DBDA2820F6B8003BC85B /* DetailesScreen */,
				11E3656E282849250070F526 /* MainScreen */,
				113C688A281FB92600A9E1A3 /* AppDelegate.swift */,
				113C688C281FB92600A9E1A3 /* SceneDelegate.swift */,
				113C688E281FB92600A9E1A3 /* ViewController.swift */,
				113C6890281FB92600A9E1A3 /* Main.storyboard */,
				113C6893281FB92A00A9E1A3 /* Assets.xcassets */,
				113C6895281FB92A00A9E1A3 /* LaunchScreen.storyboard */,
				113C6898281FB92A00A9E1A3 /* Info.plist */,
			);
			path = MyMovieList;
			sourceTree = "<group>";
		};
		113C68A1282019A900A9E1A3 /* SerchScreen */ = {
			isa = PBXGroup;
			children = (
				115BE1262833B363000A5E8B /* Models */,
				115D0CF72830EA6500F079F1 /* Cells */,
				113C68A228201AEB00A9E1A3 /* SearchViewController.swift */,
				115D0CF92830F29800F079F1 /* SearchViewModel.swift */,
			);
			path = SerchScreen;
			sourceTree = "<group>";
		};
		115BE1262833B363000A5E8B /* Models */ = {
			isa = PBXGroup;
			children = (
				115BE1312833BBC0000A5E8B /* PeopleResponce.swift */,
				115BE1302833BBBF000A5E8B /* KnownFor.swift */,
				115BE12F2833BBBF000A5E8B /* People.swift */,
				115BE12B2833BAB4000A5E8B /* TVShowResponce.swift */,
				115BE12C2833BAB5000A5E8B /* TVShow.swift */,
				115BE1272833B372000A5E8B /* MoviesResponse.swift */,
			);
			path = Models;
			sourceTree = "<group>";
		};
		115D0CF72830EA6500F079F1 /* Cells */ = {
			isa = PBXGroup;
			children = (
				112EC1D728201D1C005C15C9 /* SearchedMoviesCell.swift */,
				112EC1D828201D1C005C15C9 /* SearchedMoviesCell.xib */,
			);
			path = Cells;
			sourceTree = "<group>";
		};
		115D0CF82830EA8000F079F1 /* Cells */ = {
			isa = PBXGroup;
			children = (
				11E3657128284AD30070F526 /* LastFilmsViewCell.swift */,
				11E3657228284AD30070F526 /* LastFilmsViewCell.xib */,
				11E36575282932090070F526 /* AdditionalMoviesCell.swift */,
				11E36576282932090070F526 /* AdditionalMoviesCell.xib */,
				11F38660283A26A2003E3044 /* CustomLayout.swift */,
			);
			path = Cells;
			sourceTree = "<group>";
		};
		11B5DBD728207286003BC85B /* SavedListScreen */ = {
			isa = PBXGroup;
			children = (
				11B5DBD8282072AD003BC85B /* SavedMoviesViewController.swift */,
				111BED622834B85300B7FFF2 /* SavedMoviesViewModel.swift */,
				111BED642834B88500B7FFF2 /* Cell */,
			);
			path = SavedListScreen;
			sourceTree = "<group>";
		};
		11B5DBDA2820F6B8003BC85B /* DetailesScreen */ = {
			isa = PBXGroup;
			children = (
				111BED662834D26A00B7FFF2 /* Models */,
				11B5DBDB2820F718003BC85B /* MovieDetailsViewController.swift */,
				115BE124283187F0000A5E8B /* MovieDetailsViewModel.swift */,
				111BED7D2834E54600B7FFF2 /* TVShowDetailsViewController.swift */,
				111BED7F2834E58100B7FFF2 /* TVShowDetailsViewModel.swift */,
				111BED812834E61700B7FFF2 /* PeopleDetailsViewController.swift */,
				111BED832834E63000B7FFF2 /* PeopleDetailsViewModel.swift */,
			);
			path = DetailesScreen;
			sourceTree = "<group>";
		};
		11B5DBE2282108E5003BC85B /* Data Manager */ = {
			isa = PBXGroup;
			children = (
				11B5DBE028210298003BC85B /* SavedItemsRealm.swift */,
				11B5DBE32821090D003BC85B /* DataManager.swift */,
			);
			path = "Data Manager";
			sourceTree = "<group>";
		};
		11E365612827FB020070F526 /* Models */ = {
			isa = PBXGroup;
			children = (
				115BE1282833B373000A5E8B /* Movie.swift */,
				11E3656C28280F130070F526 /* Belongs_to_collection.swift */,
				112EC1DF2820407B005C15C9 /* Dates.swift */,
			);
			path = Models;
			sourceTree = "<group>";
		};
		11E3656E282849250070F526 /* MainScreen */ = {
			isa = PBXGroup;
			children = (
				11F3865F283A135B003E3044 /* Models */,
				115D0CF82830EA8000F079F1 /* Cells */,
				11E3656F2828495B0070F526 /* MainScreenViewController.swift */,
				11F3865D28396FB6003E3044 /* MainScreenViewModel.swift */,
			);
			path = MainScreen;
			sourceTree = "<group>";
		};
		11F3865F283A135B003E3044 /* Models */ = {
			isa = PBXGroup;
			children = (
				112EC1E02820407C005C15C9 /* NowPlayingResponce.swift */,
				11E365792829718F0070F526 /* TopRatedMoviesResponce.swift */,
			);
			path = Models;
			sourceTree = "<group>";
		};
		70D1EAB14BBFEC603B7AB3B1 /* Frameworks */ = {
			isa = PBXGroup;
			children = (
				2C78953462F746C1B38BDF5F /* Pods_MyMovieList.framework */,
			);
			name = Frameworks;
			sourceTree = "<group>";
		};
		BFF5E07354502F89803959F9 /* Pods */ = {
			isa = PBXGroup;
			children = (
				55391433071FF7D4941242FF /* Pods-MyMovieList.debug.xcconfig */,
				FDCC8446BDF5DD562B46A142 /* Pods-MyMovieList.release.xcconfig */,
			);
			path = Pods;
			sourceTree = "<group>";
		};
/* End PBXGroup section */

/* Begin PBXNativeTarget section */
		113C6886281FB92600A9E1A3 /* MyMovieList */ = {
			isa = PBXNativeTarget;
			buildConfigurationList = 113C689B281FB92A00A9E1A3 /* Build configuration list for PBXNativeTarget "MyMovieList" */;
			buildPhases = (
				B3C3683A51E2F92343C5CF12 /* [CP] Check Pods Manifest.lock */,
				113C6883281FB92600A9E1A3 /* Sources */,
				113C6884281FB92600A9E1A3 /* Frameworks */,
				113C6885281FB92600A9E1A3 /* Resources */,
				CFCD255E13F7D4A2A1785567 /* [CP] Embed Pods Frameworks */,
			);
			buildRules = (
			);
			dependencies = (
			);
			name = MyMovieList;
			productName = MyMovieList;
			productReference = 113C6887281FB92600A9E1A3 /* MyMovieList.app */;
			productType = "com.apple.product-type.application";
		};
/* End PBXNativeTarget section */

/* Begin PBXProject section */
		113C687F281FB92600A9E1A3 /* Project object */ = {
			isa = PBXProject;
			attributes = {
				BuildIndependentTargetsInParallel = 1;
				LastSwiftUpdateCheck = 1330;
				LastUpgradeCheck = 1330;
				TargetAttributes = {
					113C6886281FB92600A9E1A3 = {
						CreatedOnToolsVersion = 13.3.1;
					};
				};
			};
			buildConfigurationList = 113C6882281FB92600A9E1A3 /* Build configuration list for PBXProject "MyMovieList" */;
			compatibilityVersion = "Xcode 13.0";
			developmentRegion = en;
			hasScannedForEncodings = 0;
			knownRegions = (
				en,
				Base,
			);
			mainGroup = 113C687E281FB92600A9E1A3;
			productRefGroup = 113C6888281FB92600A9E1A3 /* Products */;
			projectDirPath = "";
			projectRoot = "";
			targets = (
				113C6886281FB92600A9E1A3 /* MyMovieList */,
			);
		};
/* End PBXProject section */

/* Begin PBXResourcesBuildPhase section */
		113C6885281FB92600A9E1A3 /* Resources */ = {
			isa = PBXResourcesBuildPhase;
			buildActionMask = 2147483647;
			files = (
				11E3657428284AD30070F526 /* LastFilmsViewCell.xib in Resources */,
				113C6897281FB92A00A9E1A3 /* LaunchScreen.storyboard in Resources */,
				113C6894281FB92A00A9E1A3 /* Assets.xcassets in Resources */,
				11B5DBE828210AF9003BC85B /* SavedMoviesTableViewCell.xib in Resources */,
				112EC1DA28201D1C005C15C9 /* SearchedMoviesCell.xib in Resources */,
				11E36578282932090070F526 /* AdditionalMoviesCell.xib in Resources */,
				113C6892281FB92600A9E1A3 /* Main.storyboard in Resources */,
			);
			runOnlyForDeploymentPostprocessing = 0;
		};
/* End PBXResourcesBuildPhase section */

/* Begin PBXShellScriptBuildPhase section */
		B3C3683A51E2F92343C5CF12 /* [CP] Check Pods Manifest.lock */ = {
			isa = PBXShellScriptBuildPhase;
			buildActionMask = 2147483647;
			files = (
			);
			inputFileListPaths = (
			);
			inputPaths = (
				"${PODS_PODFILE_DIR_PATH}/Podfile.lock",
				"${PODS_ROOT}/Manifest.lock",
			);
			name = "[CP] Check Pods Manifest.lock";
			outputFileListPaths = (
			);
			outputPaths = (
				"$(DERIVED_FILE_DIR)/Pods-MyMovieList-checkManifestLockResult.txt",
			);
			runOnlyForDeploymentPostprocessing = 0;
			shellPath = /bin/sh;
			shellScript = "diff \"${PODS_PODFILE_DIR_PATH}/Podfile.lock\" \"${PODS_ROOT}/Manifest.lock\" > /dev/null\nif [ $? != 0 ] ; then\n    # print error to STDERR\n    echo \"error: The sandbox is not in sync with the Podfile.lock. Run 'pod install' or update your CocoaPods installation.\" >&2\n    exit 1\nfi\n# This output is used by Xcode 'outputs' to avoid re-running this script phase.\necho \"SUCCESS\" > \"${SCRIPT_OUTPUT_FILE_0}\"\n";
			showEnvVarsInLog = 0;
		};
		CFCD255E13F7D4A2A1785567 /* [CP] Embed Pods Frameworks */ = {
			isa = PBXShellScriptBuildPhase;
			buildActionMask = 2147483647;
			files = (
			);
			inputFileListPaths = (
				"${PODS_ROOT}/Target Support Files/Pods-MyMovieList/Pods-MyMovieList-frameworks-${CONFIGURATION}-input-files.xcfilelist",
			);
			name = "[CP] Embed Pods Frameworks";
			outputFileListPaths = (
				"${PODS_ROOT}/Target Support Files/Pods-MyMovieList/Pods-MyMovieList-frameworks-${CONFIGURATION}-output-files.xcfilelist",
			);
			runOnlyForDeploymentPostprocessing = 0;
			shellPath = /bin/sh;
			shellScript = "\"${PODS_ROOT}/Target Support Files/Pods-MyMovieList/Pods-MyMovieList-frameworks.sh\"\n";
			showEnvVarsInLog = 0;
		};
/* End PBXShellScriptBuildPhase section */

/* Begin PBXSourcesBuildPhase section */
		113C6883281FB92600A9E1A3 /* Sources */ = {
			isa = PBXSourcesBuildPhase;
			buildActionMask = 2147483647;
			files = (
				115BE125283187F0000A5E8B /* MovieDetailsViewModel.swift in Sources */,
				11E365702828495B0070F526 /* MainScreenViewController.swift in Sources */,
				112EC1D928201D1C005C15C9 /* SearchedMoviesCell.swift in Sources */,
				115D0CFA2830F29800F079F1 /* SearchViewModel.swift in Sources */,
				113C688F281FB92600A9E1A3 /* ViewController.swift in Sources */,
				111BED8C2836539000B7FFF2 /* VideoResponse.swift in Sources */,
				111BED782834D4F300B7FFF2 /* Spoken_languages.swift in Sources */,
				111BED772834D4F300B7FFF2 /* Production_countries.swift in Sources */,
				11E3657A282971900070F526 /* TopRatedMoviesResponce.swift in Sources */,
				11B5DBE728210AF9003BC85B /* SavedMoviesTableViewCell.swift in Sources */,
				112EC1E32820407C005C15C9 /* NowPlayingResponce.swift in Sources */,
				111BED742834D4F300B7FFF2 /* Networks.swift in Sources */,
				112EC1DD28203A6A005C15C9 /* NetManager.swift in Sources */,
				11B5DBD9282072AD003BC85B /* SavedMoviesViewController.swift in Sources */,
				11E3656D28280F130070F526 /* Belongs_to_collection.swift in Sources */,
				11A1CB5B282E2522002B234F /* Сonstants.swift in Sources */,
				11B5DBE128210298003BC85B /* SavedItemsRealm.swift in Sources */,
				11E3657328284AD30070F526 /* LastFilmsViewCell.swift in Sources */,
				111BED752834D4F300B7FFF2 /* Production_companies.swift in Sources */,
				111BED732834D4F300B7FFF2 /* TVShowDetails.swift in Sources */,
				111BED802834E58100B7FFF2 /* TVShowDetailsViewModel.swift in Sources */,
				113C68A328201AEB00A9E1A3 /* SearchViewController.swift in Sources */,
				115BE1322833BBC0000A5E8B /* People.swift in Sources */,
				111BED7E2834E54600B7FFF2 /* TVShowDetailsViewController.swift in Sources */,
				111BED632834B85400B7FFF2 /* SavedMoviesViewModel.swift in Sources */,
				111BED7C2834DB5B00B7FFF2 /* PeopleDetails.swift in Sources */,
				115BE1332833BBC0000A5E8B /* KnownFor.swift in Sources */,
				11E3656A2827FB2B0070F526 /* MovieDetails.swift in Sources */,
				115BE1292833B373000A5E8B /* MoviesResponse.swift in Sources */,
				11F38661283A26A2003E3044 /* CustomLayout.swift in Sources */,
				115BE12D2833BAB5000A5E8B /* TVShowResponce.swift in Sources */,
				11E36577282932090070F526 /* AdditionalMoviesCell.swift in Sources */,
				115BE12A2833B373000A5E8B /* Movie.swift in Sources */,
				111BED722834D4F300B7FFF2 /* Last_episode_to_air.swift in Sources */,
				115BE12E2833BAB5000A5E8B /* TVShow.swift in Sources */,
				111BED762834D4F300B7FFF2 /* Seasons.swift in Sources */,
				11F3865E28396FB6003E3044 /* MainScreenViewModel.swift in Sources */,
				111BED7A2834D4F300B7FFF2 /* Genres.swift in Sources */,
				111BED842834E63000B7FFF2 /* PeopleDetailsViewModel.swift in Sources */,
				111BED792834D4F300B7FFF2 /* Next_episode_to_air.swift in Sources */,
				111BED712834D4F300B7FFF2 /* Created_by.swift in Sources */,
				113C688B281FB92600A9E1A3 /* AppDelegate.swift in Sources */,
				11B5DBDD2820F718003BC85B /* MovieDetailsViewController.swift in Sources */,
				113C688D281FB92600A9E1A3 /* SceneDelegate.swift in Sources */,
				11B5DBE42821090D003BC85B /* DataManager.swift in Sources */,
				111BED822834E61700B7FFF2 /* PeopleDetailsViewController.swift in Sources */,
				115BE1342833BBC0000A5E8B /* PeopleResponce.swift in Sources */,
				112EC1E22820407C005C15C9 /* Dates.swift in Sources */,
				111BED8B2836539000B7FFF2 /* Video.swift in Sources */,
			);
			runOnlyForDeploymentPostprocessing = 0;
		};
/* End PBXSourcesBuildPhase section */

/* Begin PBXVariantGroup section */
		113C6890281FB92600A9E1A3 /* Main.storyboard */ = {
			isa = PBXVariantGroup;
			children = (
				113C6891281FB92600A9E1A3 /* Base */,
			);
			name = Main.storyboard;
			sourceTree = "<group>";
		};
		113C6895281FB92A00A9E1A3 /* LaunchScreen.storyboard */ = {
			isa = PBXVariantGroup;
			children = (
				113C6896281FB92A00A9E1A3 /* Base */,
			);
			name = LaunchScreen.storyboard;
			sourceTree = "<group>";
		};
/* End PBXVariantGroup section */

/* Begin XCBuildConfiguration section */
		113C6899281FB92A00A9E1A3 /* Debug */ = {
			isa = XCBuildConfiguration;
			buildSettings = {
				ALWAYS_SEARCH_USER_PATHS = NO;
				CLANG_ANALYZER_NONNULL = YES;
				CLANG_ANALYZER_NUMBER_OBJECT_CONVERSION = YES_AGGRESSIVE;
				CLANG_CXX_LANGUAGE_STANDARD = "gnu++17";
				CLANG_ENABLE_MODULES = YES;
				CLANG_ENABLE_OBJC_ARC = YES;
				CLANG_ENABLE_OBJC_WEAK = YES;
				CLANG_WARN_BLOCK_CAPTURE_AUTORELEASING = YES;
				CLANG_WARN_BOOL_CONVERSION = YES;
				CLANG_WARN_COMMA = YES;
				CLANG_WARN_CONSTANT_CONVERSION = YES;
				CLANG_WARN_DEPRECATED_OBJC_IMPLEMENTATIONS = YES;
				CLANG_WARN_DIRECT_OBJC_ISA_USAGE = YES_ERROR;
				CLANG_WARN_DOCUMENTATION_COMMENTS = YES;
				CLANG_WARN_EMPTY_BODY = YES;
				CLANG_WARN_ENUM_CONVERSION = YES;
				CLANG_WARN_INFINITE_RECURSION = YES;
				CLANG_WARN_INT_CONVERSION = YES;
				CLANG_WARN_NON_LITERAL_NULL_CONVERSION = YES;
				CLANG_WARN_OBJC_IMPLICIT_RETAIN_SELF = YES;
				CLANG_WARN_OBJC_LITERAL_CONVERSION = YES;
				CLANG_WARN_OBJC_ROOT_CLASS = YES_ERROR;
				CLANG_WARN_QUOTED_INCLUDE_IN_FRAMEWORK_HEADER = YES;
				CLANG_WARN_RANGE_LOOP_ANALYSIS = YES;
				CLANG_WARN_STRICT_PROTOTYPES = YES;
				CLANG_WARN_SUSPICIOUS_MOVE = YES;
				CLANG_WARN_UNGUARDED_AVAILABILITY = YES_AGGRESSIVE;
				CLANG_WARN_UNREACHABLE_CODE = YES;
				CLANG_WARN__DUPLICATE_METHOD_MATCH = YES;
				COPY_PHASE_STRIP = NO;
				DEBUG_INFORMATION_FORMAT = dwarf;
				ENABLE_STRICT_OBJC_MSGSEND = YES;
				ENABLE_TESTABILITY = YES;
				GCC_C_LANGUAGE_STANDARD = gnu11;
				GCC_DYNAMIC_NO_PIC = NO;
				GCC_NO_COMMON_BLOCKS = YES;
				GCC_OPTIMIZATION_LEVEL = 0;
				GCC_PREPROCESSOR_DEFINITIONS = (
					"DEBUG=1",
					"$(inherited)",
				);
				GCC_WARN_64_TO_32_BIT_CONVERSION = YES;
				GCC_WARN_ABOUT_RETURN_TYPE = YES_ERROR;
				GCC_WARN_UNDECLARED_SELECTOR = YES;
				GCC_WARN_UNINITIALIZED_AUTOS = YES_AGGRESSIVE;
				GCC_WARN_UNUSED_FUNCTION = YES;
				GCC_WARN_UNUSED_VARIABLE = YES;
				IPHONEOS_DEPLOYMENT_TARGET = 15.4;
				MTL_ENABLE_DEBUG_INFO = INCLUDE_SOURCE;
				MTL_FAST_MATH = YES;
				ONLY_ACTIVE_ARCH = YES;
				SDKROOT = iphoneos;
				SWIFT_ACTIVE_COMPILATION_CONDITIONS = DEBUG;
				SWIFT_OPTIMIZATION_LEVEL = "-Onone";
			};
			name = Debug;
		};
		113C689A281FB92A00A9E1A3 /* Release */ = {
			isa = XCBuildConfiguration;
			buildSettings = {
				ALWAYS_SEARCH_USER_PATHS = NO;
				CLANG_ANALYZER_NONNULL = YES;
				CLANG_ANALYZER_NUMBER_OBJECT_CONVERSION = YES_AGGRESSIVE;
				CLANG_CXX_LANGUAGE_STANDARD = "gnu++17";
				CLANG_ENABLE_MODULES = YES;
				CLANG_ENABLE_OBJC_ARC = YES;
				CLANG_ENABLE_OBJC_WEAK = YES;
				CLANG_WARN_BLOCK_CAPTURE_AUTORELEASING = YES;
				CLANG_WARN_BOOL_CONVERSION = YES;
				CLANG_WARN_COMMA = YES;
				CLANG_WARN_CONSTANT_CONVERSION = YES;
				CLANG_WARN_DEPRECATED_OBJC_IMPLEMENTATIONS = YES;
				CLANG_WARN_DIRECT_OBJC_ISA_USAGE = YES_ERROR;
				CLANG_WARN_DOCUMENTATION_COMMENTS = YES;
				CLANG_WARN_EMPTY_BODY = YES;
				CLANG_WARN_ENUM_CONVERSION = YES;
				CLANG_WARN_INFINITE_RECURSION = YES;
				CLANG_WARN_INT_CONVERSION = YES;
				CLANG_WARN_NON_LITERAL_NULL_CONVERSION = YES;
				CLANG_WARN_OBJC_IMPLICIT_RETAIN_SELF = YES;
				CLANG_WARN_OBJC_LITERAL_CONVERSION = YES;
				CLANG_WARN_OBJC_ROOT_CLASS = YES_ERROR;
				CLANG_WARN_QUOTED_INCLUDE_IN_FRAMEWORK_HEADER = YES;
				CLANG_WARN_RANGE_LOOP_ANALYSIS = YES;
				CLANG_WARN_STRICT_PROTOTYPES = YES;
				CLANG_WARN_SUSPICIOUS_MOVE = YES;
				CLANG_WARN_UNGUARDED_AVAILABILITY = YES_AGGRESSIVE;
				CLANG_WARN_UNREACHABLE_CODE = YES;
				CLANG_WARN__DUPLICATE_METHOD_MATCH = YES;
				COPY_PHASE_STRIP = NO;
				DEBUG_INFORMATION_FORMAT = "dwarf-with-dsym";
				ENABLE_NS_ASSERTIONS = NO;
				ENABLE_STRICT_OBJC_MSGSEND = YES;
				GCC_C_LANGUAGE_STANDARD = gnu11;
				GCC_NO_COMMON_BLOCKS = YES;
				GCC_WARN_64_TO_32_BIT_CONVERSION = YES;
				GCC_WARN_ABOUT_RETURN_TYPE = YES_ERROR;
				GCC_WARN_UNDECLARED_SELECTOR = YES;
				GCC_WARN_UNINITIALIZED_AUTOS = YES_AGGRESSIVE;
				GCC_WARN_UNUSED_FUNCTION = YES;
				GCC_WARN_UNUSED_VARIABLE = YES;
				IPHONEOS_DEPLOYMENT_TARGET = 15.4;
				MTL_ENABLE_DEBUG_INFO = NO;
				MTL_FAST_MATH = YES;
				SDKROOT = iphoneos;
				SWIFT_COMPILATION_MODE = wholemodule;
				SWIFT_OPTIMIZATION_LEVEL = "-O";
				VALIDATE_PRODUCT = YES;
			};
			name = Release;
		};
		113C689C281FB92A00A9E1A3 /* Debug */ = {
			isa = XCBuildConfiguration;
			baseConfigurationReference = 55391433071FF7D4941242FF /* Pods-MyMovieList.debug.xcconfig */;
			buildSettings = {
				ASSETCATALOG_COMPILER_APPICON_NAME = AppIcon;
				ASSETCATALOG_COMPILER_GLOBAL_ACCENT_COLOR_NAME = AccentColor;
				ASSETCATALOG_COMPILER_INCLUDE_ALL_APPICON_ASSETS = NO;
				CODE_SIGN_STYLE = Automatic;
				CURRENT_PROJECT_VERSION = 1;
				DEVELOPMENT_TEAM = FR9C6FBRS3;
				GENERATE_INFOPLIST_FILE = YES;
				INFOPLIST_FILE = MyMovieList/Info.plist;
				INFOPLIST_KEY_UIApplicationSupportsIndirectInputEvents = YES;
				INFOPLIST_KEY_UILaunchStoryboardName = LaunchScreen;
				INFOPLIST_KEY_UIMainStoryboardFile = Main;
				INFOPLIST_KEY_UISupportedInterfaceOrientations_iPad = "UIInterfaceOrientationPortrait UIInterfaceOrientationPortraitUpsideDown UIInterfaceOrientationLandscapeLeft UIInterfaceOrientationLandscapeRight";
				INFOPLIST_KEY_UISupportedInterfaceOrientations_iPhone = "UIInterfaceOrientationPortrait UIInterfaceOrientationLandscapeLeft UIInterfaceOrientationLandscapeRight";
				LD_RUNPATH_SEARCH_PATHS = (
					"$(inherited)",
					"@executable_path/Frameworks",
				);
				MARKETING_VERSION = 1.0;
				PRODUCT_BUNDLE_IDENTIFIER = alexnaid.MyMovieList;
				PRODUCT_NAME = "$(TARGET_NAME)";
				SWIFT_EMIT_LOC_STRINGS = YES;
				SWIFT_VERSION = 5.0;
				TARGETED_DEVICE_FAMILY = "1,2";
			};
			name = Debug;
		};
		113C689D281FB92A00A9E1A3 /* Release */ = {
			isa = XCBuildConfiguration;
			baseConfigurationReference = FDCC8446BDF5DD562B46A142 /* Pods-MyMovieList.release.xcconfig */;
			buildSettings = {
				ASSETCATALOG_COMPILER_APPICON_NAME = AppIcon;
				ASSETCATALOG_COMPILER_GLOBAL_ACCENT_COLOR_NAME = AccentColor;
				ASSETCATALOG_COMPILER_INCLUDE_ALL_APPICON_ASSETS = NO;
				CODE_SIGN_STYLE = Automatic;
				CURRENT_PROJECT_VERSION = 1;
				DEVELOPMENT_TEAM = FR9C6FBRS3;
				GENERATE_INFOPLIST_FILE = YES;
				INFOPLIST_FILE = MyMovieList/Info.plist;
				INFOPLIST_KEY_UIApplicationSupportsIndirectInputEvents = YES;
				INFOPLIST_KEY_UILaunchStoryboardName = LaunchScreen;
				INFOPLIST_KEY_UIMainStoryboardFile = Main;
				INFOPLIST_KEY_UISupportedInterfaceOrientations_iPad = "UIInterfaceOrientationPortrait UIInterfaceOrientationPortraitUpsideDown UIInterfaceOrientationLandscapeLeft UIInterfaceOrientationLandscapeRight";
				INFOPLIST_KEY_UISupportedInterfaceOrientations_iPhone = "UIInterfaceOrientationPortrait UIInterfaceOrientationLandscapeLeft UIInterfaceOrientationLandscapeRight";
				LD_RUNPATH_SEARCH_PATHS = (
					"$(inherited)",
					"@executable_path/Frameworks",
				);
				MARKETING_VERSION = 1.0;
				PRODUCT_BUNDLE_IDENTIFIER = alexnaid.MyMovieList;
				PRODUCT_NAME = "$(TARGET_NAME)";
				SWIFT_EMIT_LOC_STRINGS = YES;
				SWIFT_VERSION = 5.0;
				TARGETED_DEVICE_FAMILY = "1,2";
			};
			name = Release;
		};
/* End XCBuildConfiguration section */

/* Begin XCConfigurationList section */
		113C6882281FB92600A9E1A3 /* Build configuration list for PBXProject "MyMovieList" */ = {
			isa = XCConfigurationList;
			buildConfigurations = (
				113C6899281FB92A00A9E1A3 /* Debug */,
				113C689A281FB92A00A9E1A3 /* Release */,
			);
			defaultConfigurationIsVisible = 0;
			defaultConfigurationName = Release;
		};
		113C689B281FB92A00A9E1A3 /* Build configuration list for PBXNativeTarget "MyMovieList" */ = {
			isa = XCConfigurationList;
			buildConfigurations = (
				113C689C281FB92A00A9E1A3 /* Debug */,
				113C689D281FB92A00A9E1A3 /* Release */,
			);
			defaultConfigurationIsVisible = 0;
			defaultConfigurationName = Release;
		};
/* End XCConfigurationList section */
	};
	rootObject = 113C687F281FB92600A9E1A3 /* Project object */;
}
